// !$*UTF8*$!
{
	archiveVersion = 1;
	classes = {
	};
	objectVersion = 50;
	objects = {

/* Begin PBXBuildFile section */
		25625C1E25B97FD700A834CC /* Registro+CoreDataClass.swift in Sources */ = {isa = PBXBuildFile; fileRef = 25625C1A25B97FD700A834CC /* Registro+CoreDataClass.swift */; };
		25625C1F25B97FD700A834CC /* Registro+CoreDataClass.swift in Sources */ = {isa = PBXBuildFile; fileRef = 25625C1A25B97FD700A834CC /* Registro+CoreDataClass.swift */; };
		25625C2025B97FD700A834CC /* Registro+CoreDataProperties.swift in Sources */ = {isa = PBXBuildFile; fileRef = 25625C1B25B97FD700A834CC /* Registro+CoreDataProperties.swift */; };
		25625C2125B97FD700A834CC /* Registro+CoreDataProperties.swift in Sources */ = {isa = PBXBuildFile; fileRef = 25625C1B25B97FD700A834CC /* Registro+CoreDataProperties.swift */; };
		25625C2225B97FD700A834CC /* Usuario+CoreDataClass.swift in Sources */ = {isa = PBXBuildFile; fileRef = 25625C1C25B97FD700A834CC /* Usuario+CoreDataClass.swift */; };
		25625C2325B97FD700A834CC /* Usuario+CoreDataClass.swift in Sources */ = {isa = PBXBuildFile; fileRef = 25625C1C25B97FD700A834CC /* Usuario+CoreDataClass.swift */; };
		25625C2425B97FD700A834CC /* Usuario+CoreDataProperties.swift in Sources */ = {isa = PBXBuildFile; fileRef = 25625C1D25B97FD700A834CC /* Usuario+CoreDataProperties.swift */; };
		25625C2525B97FD700A834CC /* Usuario+CoreDataProperties.swift in Sources */ = {isa = PBXBuildFile; fileRef = 25625C1D25B97FD700A834CC /* Usuario+CoreDataProperties.swift */; };
		2900FDA425B87E51000EAC1A /* MainTabBarController.swift in Sources */ = {isa = PBXBuildFile; fileRef = 2900FDA325B87E51000EAC1A /* MainTabBarController.swift */; };
		2900FDA525B87E51000EAC1A /* MainTabBarController.swift in Sources */ = {isa = PBXBuildFile; fileRef = 2900FDA325B87E51000EAC1A /* MainTabBarController.swift */; };
		2900FDA825B88E76000EAC1A /* Main.storyboard in Resources */ = {isa = PBXBuildFile; fileRef = 2900FDA625B88E76000EAC1A /* Main.storyboard */; };
		2900FDA925B88E76000EAC1A /* Main.storyboard in Resources */ = {isa = PBXBuildFile; fileRef = 2900FDA625B88E76000EAC1A /* Main.storyboard */; };
		2900FDAB25B88F9A000EAC1A /* BusquedaTableViewController.swift in Sources */ = {isa = PBXBuildFile; fileRef = 2900FDAA25B88F9A000EAC1A /* BusquedaTableViewController.swift */; };
		2900FDAC25B88F9A000EAC1A /* BusquedaTableViewController.swift in Sources */ = {isa = PBXBuildFile; fileRef = 2900FDAA25B88F9A000EAC1A /* BusquedaTableViewController.swift */; };
		292235A425B6FD1B0043258B /* RegistroTableViewCell.swift in Sources */ = {isa = PBXBuildFile; fileRef = 297E70772570207B001D6AFA /* RegistroTableViewCell.swift */; };
		292235A525B6FD1B0043258B /* AppDelegate.swift in Sources */ = {isa = PBXBuildFile; fileRef = 29192C5C256EBF13008D37F5 /* AppDelegate.swift */; };
		292235A625B6FD1B0043258B /* IniciarSesionViewController.swift in Sources */ = {isa = PBXBuildFile; fileRef = 255477C82576C7F4000ED989 /* IniciarSesionViewController.swift */; };
		292235A725B6FD1B0043258B /* RegistrarseViewController.swift in Sources */ = {isa = PBXBuildFile; fileRef = 255477CA2576C81A000ED989 /* RegistrarseViewController.swift */; };
		292235A825B6FD1B0043258B /* AtributoViewController.swift in Sources */ = {isa = PBXBuildFile; fileRef = 25E82ED525B08596000EAED3 /* AtributoViewController.swift */; };
		292235A925B6FD1B0043258B /* CrearUbicacionViewController.swift in Sources */ = {isa = PBXBuildFile; fileRef = 25AAFDC72581467E008FF470 /* CrearUbicacionViewController.swift */; };
		292235AF25B6FD1B0043258B /* RegistroTableViewController.swift in Sources */ = {isa = PBXBuildFile; fileRef = 297E707B257026DC001D6AFA /* RegistroTableViewController.swift */; };
		292235B125B6FD1B0043258B /* RegistroViewController.swift in Sources */ = {isa = PBXBuildFile; fileRef = 255477D02576CAB3000ED989 /* RegistroViewController.swift */; };
		292235B225B6FD1B0043258B /* roadtrip.xcdatamodeld in Sources */ = {isa = PBXBuildFile; fileRef = 29192C63256EBF13008D37F5 /* roadtrip.xcdatamodeld */; };
		292235B625B6FD1B0043258B /* Assets.xcassets in Resources */ = {isa = PBXBuildFile; fileRef = 29192C66256EBF14008D37F5 /* Assets.xcassets */; };
		292235BF25B7070D0043258B /* InformacionViewController.swift in Sources */ = {isa = PBXBuildFile; fileRef = 292235BD25B7070D0043258B /* InformacionViewController.swift */; };
		2933952725B72510001E5968 /* RegistroTableViewCell.swift in Sources */ = {isa = PBXBuildFile; fileRef = 297E70772570207B001D6AFA /* RegistroTableViewCell.swift */; };
		2933952825B72510001E5968 /* AppDelegate.swift in Sources */ = {isa = PBXBuildFile; fileRef = 29192C5C256EBF13008D37F5 /* AppDelegate.swift */; };
		2933952925B72510001E5968 /* IniciarSesionViewController.swift in Sources */ = {isa = PBXBuildFile; fileRef = 255477C82576C7F4000ED989 /* IniciarSesionViewController.swift */; };
		2933952A25B72510001E5968 /* RegistrarseViewController.swift in Sources */ = {isa = PBXBuildFile; fileRef = 255477CA2576C81A000ED989 /* RegistrarseViewController.swift */; };
		2933952B25B72510001E5968 /* AtributoViewController.swift in Sources */ = {isa = PBXBuildFile; fileRef = 25E82ED525B08596000EAED3 /* AtributoViewController.swift */; };
		2933952C25B72510001E5968 /* CrearUbicacionViewController.swift in Sources */ = {isa = PBXBuildFile; fileRef = 25AAFDC72581467E008FF470 /* CrearUbicacionViewController.swift */; };
		2933953225B72510001E5968 /* RegistroTableViewController.swift in Sources */ = {isa = PBXBuildFile; fileRef = 297E707B257026DC001D6AFA /* RegistroTableViewController.swift */; };
		2933953425B72510001E5968 /* RegistroViewController.swift in Sources */ = {isa = PBXBuildFile; fileRef = 255477D02576CAB3000ED989 /* RegistroViewController.swift */; };
		2933953525B72510001E5968 /* InformacionViewController.swift in Sources */ = {isa = PBXBuildFile; fileRef = 292235BD25B7070D0043258B /* InformacionViewController.swift */; };
		2933953625B72510001E5968 /* roadtrip.xcdatamodeld in Sources */ = {isa = PBXBuildFile; fileRef = 29192C63256EBF13008D37F5 /* roadtrip.xcdatamodeld */; };
		2933953A25B72510001E5968 /* Assets.xcassets in Resources */ = {isa = PBXBuildFile; fileRef = 29192C66256EBF14008D37F5 /* Assets.xcassets */; };
/* End PBXBuildFile section */

/* Begin PBXFileReference section */
		255477C82576C7F4000ED989 /* IniciarSesionViewController.swift */ = {isa = PBXFileReference; lastKnownFileType = sourcecode.swift; path = IniciarSesionViewController.swift; sourceTree = "<group>"; };
		255477CA2576C81A000ED989 /* RegistrarseViewController.swift */ = {isa = PBXFileReference; lastKnownFileType = sourcecode.swift; path = RegistrarseViewController.swift; sourceTree = "<group>"; };
		255477D02576CAB3000ED989 /* RegistroViewController.swift */ = {isa = PBXFileReference; lastKnownFileType = sourcecode.swift; path = RegistroViewController.swift; sourceTree = "<group>"; };
		25625C1A25B97FD700A834CC /* Registro+CoreDataClass.swift */ = {isa = PBXFileReference; lastKnownFileType = sourcecode.swift; path = "Registro+CoreDataClass.swift"; sourceTree = "<group>"; };
		25625C1B25B97FD700A834CC /* Registro+CoreDataProperties.swift */ = {isa = PBXFileReference; lastKnownFileType = sourcecode.swift; path = "Registro+CoreDataProperties.swift"; sourceTree = "<group>"; };
		25625C1C25B97FD700A834CC /* Usuario+CoreDataClass.swift */ = {isa = PBXFileReference; lastKnownFileType = sourcecode.swift; path = "Usuario+CoreDataClass.swift"; sourceTree = "<group>"; };
		25625C1D25B97FD700A834CC /* Usuario+CoreDataProperties.swift */ = {isa = PBXFileReference; lastKnownFileType = sourcecode.swift; path = "Usuario+CoreDataProperties.swift"; sourceTree = "<group>"; };
		25AAFDC72581467E008FF470 /* CrearUbicacionViewController.swift */ = {isa = PBXFileReference; lastKnownFileType = sourcecode.swift; path = CrearUbicacionViewController.swift; sourceTree = "<group>"; };
		25E82ED525B08596000EAED3 /* AtributoViewController.swift */ = {isa = PBXFileReference; lastKnownFileType = sourcecode.swift; path = AtributoViewController.swift; sourceTree = "<group>"; };
		2900FDA325B87E51000EAC1A /* MainTabBarController.swift */ = {isa = PBXFileReference; lastKnownFileType = sourcecode.swift; path = MainTabBarController.swift; sourceTree = "<group>"; };
		2900FDA725B88E76000EAC1A /* Base */ = {isa = PBXFileReference; lastKnownFileType = file.storyboard; name = Base; path = Base.lproj/Main.storyboard; sourceTree = "<group>"; };
		2900FDAA25B88F9A000EAC1A /* BusquedaTableViewController.swift */ = {isa = PBXFileReference; lastKnownFileType = sourcecode.swift; path = BusquedaTableViewController.swift; sourceTree = "<group>"; };
		29192C5C256EBF13008D37F5 /* AppDelegate.swift */ = {isa = PBXFileReference; lastKnownFileType = sourcecode.swift; path = AppDelegate.swift; sourceTree = "<group>"; };
		29192C64256EBF13008D37F5 /* roadtrip.xcdatamodel */ = {isa = PBXFileReference; lastKnownFileType = wrapper.xcdatamodel; path = roadtrip.xcdatamodel; sourceTree = "<group>"; };
		29192C66256EBF14008D37F5 /* Assets.xcassets */ = {isa = PBXFileReference; lastKnownFileType = folder.assetcatalog; path = Assets.xcassets; sourceTree = "<group>"; };
		29192C6B256EBF14008D37F5 /* Info.plist */ = {isa = PBXFileReference; lastKnownFileType = text.plist.xml; path = Info.plist; sourceTree = "<group>"; };
		292235BB25B6FD1B0043258B /* TripTok.app */ = {isa = PBXFileReference; explicitFileType = wrapper.application; includeInIndex = 0; path = TripTok.app; sourceTree = BUILT_PRODUCTS_DIR; };
		292235BC25B6FD1C0043258B /* roadtrip copy-Info.plist */ = {isa = PBXFileReference; lastKnownFileType = text.plist.xml; name = "roadtrip copy-Info.plist"; path = "/Users/aula11/Documents/RoadTrip/roadtrip/roadtrip copy-Info.plist"; sourceTree = "<absolute>"; };
		292235BD25B7070D0043258B /* InformacionViewController.swift */ = {isa = PBXFileReference; lastKnownFileType = sourcecode.swift; path = InformacionViewController.swift; sourceTree = "<group>"; usesTabs = 1; };
		2933953F25B72510001E5968 /* imaginRoad.app */ = {isa = PBXFileReference; explicitFileType = wrapper.application; includeInIndex = 0; path = imaginRoad.app; sourceTree = BUILT_PRODUCTS_DIR; };
		2933954025B72510001E5968 /* TripTok copy-Info.plist */ = {isa = PBXFileReference; lastKnownFileType = text.plist.xml; name = "TripTok copy-Info.plist"; path = "/Users/aula11/Documents/RoadTrip/roadtrip/TripTok copy-Info.plist"; sourceTree = "<absolute>"; };
		297E70772570207B001D6AFA /* RegistroTableViewCell.swift */ = {isa = PBXFileReference; lastKnownFileType = sourcecode.swift; path = RegistroTableViewCell.swift; sourceTree = "<group>"; };
		297E707B257026DC001D6AFA /* RegistroTableViewController.swift */ = {isa = PBXFileReference; lastKnownFileType = sourcecode.swift; path = RegistroTableViewController.swift; sourceTree = "<group>"; };
/* End PBXFileReference section */

/* Begin PBXFrameworksBuildPhase section */
		292235B325B6FD1B0043258B /* Frameworks */ = {
			isa = PBXFrameworksBuildPhase;
			buildActionMask = 2147483647;
			files = (
			);
			runOnlyForDeploymentPostprocessing = 0;
		};
		2933953725B72510001E5968 /* Frameworks */ = {
			isa = PBXFrameworksBuildPhase;
			buildActionMask = 2147483647;
			files = (
			);
			runOnlyForDeploymentPostprocessing = 0;
		};
/* End PBXFrameworksBuildPhase section */

/* Begin PBXGroup section */
		255477D22576CB0C000ED989 /* Registrarse */ = {
			isa = PBXGroup;
			children = (
				255477CA2576C81A000ED989 /* RegistrarseViewController.swift */,
			);
			path = Registrarse;
			sourceTree = "<group>";
		};
		255477D32576CB1E000ED989 /* Registro */ = {
			isa = PBXGroup;
			children = (
				2900FDAA25B88F9A000EAC1A /* BusquedaTableViewController.swift */,
				255477D02576CAB3000ED989 /* RegistroViewController.swift */,
				297E70772570207B001D6AFA /* RegistroTableViewCell.swift */,
				297E707B257026DC001D6AFA /* RegistroTableViewController.swift */,
				25E82ED525B08596000EAED3 /* AtributoViewController.swift */,
			);
			path = Registro;
			sourceTree = "<group>";
		};
		255477D52576CB51000ED989 /* Iniciar sesión */ = {
			isa = PBXGroup;
			children = (
				255477C82576C7F4000ED989 /* IniciarSesionViewController.swift */,
			);
			name = "Iniciar sesión";
			path = "Iniciar sesión";
			sourceTree = "<group>";
		};
		255477E32577EC60000ED989 /* Base de datos */ = {
			isa = PBXGroup;
			children = (
				25625C1A25B97FD700A834CC /* Registro+CoreDataClass.swift */,
				25625C1B25B97FD700A834CC /* Registro+CoreDataProperties.swift */,
				25625C1C25B97FD700A834CC /* Usuario+CoreDataClass.swift */,
				25625C1D25B97FD700A834CC /* Usuario+CoreDataProperties.swift */,
			);
			path = "Base de datos";
			sourceTree = "<group>";
		};
		25AAFDC625814642008FF470 /* Ubicación */ = {
			isa = PBXGroup;
			children = (
				25AAFDC72581467E008FF470 /* CrearUbicacionViewController.swift */,
			);
			name = "Ubicación";
			path = "Ubicación";
			sourceTree = "<group>";
		};
		29192C50256EBF13008D37F5 = {
			isa = PBXGroup;
			children = (
				29192C5B256EBF13008D37F5 /* roadtrip */,
				29192C5A256EBF13008D37F5 /* Products */,
				292235BC25B6FD1C0043258B /* roadtrip copy-Info.plist */,
				2933954025B72510001E5968 /* TripTok copy-Info.plist */,
			);
			sourceTree = "<group>";
			usesTabs = 1;
		};
		29192C5A256EBF13008D37F5 /* Products */ = {
			isa = PBXGroup;
			children = (
				292235BB25B6FD1B0043258B /* TripTok.app */,
				2933953F25B72510001E5968 /* imaginRoad.app */,
			);
			name = Products;
			sourceTree = "<group>";
		};
		29192C5B256EBF13008D37F5 /* roadtrip */ = {
			isa = PBXGroup;
			children = (
				29192C66256EBF14008D37F5 /* Assets.xcassets */,
				255477E32577EC60000ED989 /* Base de datos */,
				255477D52576CB51000ED989 /* Iniciar sesión */,
				255477D22576CB0C000ED989 /* Registrarse */,
				255477D32576CB1E000ED989 /* Registro */,
				25AAFDC625814642008FF470 /* Ubicación */,
				29192C5C256EBF13008D37F5 /* AppDelegate.swift */,
				2900FDA325B87E51000EAC1A /* MainTabBarController.swift */,
				292235BD25B7070D0043258B /* InformacionViewController.swift */,
				2900FDA625B88E76000EAC1A /* Main.storyboard */,
				29192C63256EBF13008D37F5 /* roadtrip.xcdatamodeld */,
				29192C6B256EBF14008D37F5 /* Info.plist */,
			);
			path = roadtrip;
			sourceTree = "<group>";
		};
/* End PBXGroup section */

/* Begin PBXNativeTarget section */
		292235A225B6FD1B0043258B /* TripTok */ = {
			isa = PBXNativeTarget;
			buildConfigurationList = 292235B825B6FD1B0043258B /* Build configuration list for PBXNativeTarget "TripTok" */;
			buildPhases = (
				292235A325B6FD1B0043258B /* Sources */,
				292235B325B6FD1B0043258B /* Frameworks */,
				292235B425B6FD1B0043258B /* Resources */,
			);
			buildRules = (
			);
			dependencies = (
			);
			name = TripTok;
			productName = roadtrip;
			productReference = 292235BB25B6FD1B0043258B /* TripTok.app */;
			productType = "com.apple.product-type.application";
		};
		2933952525B72510001E5968 /* imaginRoad */ = {
			isa = PBXNativeTarget;
			buildConfigurationList = 2933953C25B72510001E5968 /* Build configuration list for PBXNativeTarget "imaginRoad" */;
			buildPhases = (
				2933952625B72510001E5968 /* Sources */,
				2933953725B72510001E5968 /* Frameworks */,
				2933953825B72510001E5968 /* Resources */,
			);
			buildRules = (
			);
			dependencies = (
			);
			name = imaginRoad;
			productName = roadtrip;
			productReference = 2933953F25B72510001E5968 /* imaginRoad.app */;
			productType = "com.apple.product-type.application";
		};
/* End PBXNativeTarget section */

/* Begin PBXProject section */
		29192C51256EBF13008D37F5 /* Project object */ = {
			isa = PBXProject;
			attributes = {
				LastSwiftUpdateCheck = 1010;
				LastUpgradeCheck = 1010;
				ORGANIZATIONNAME = ual;
			};
			buildConfigurationList = 29192C54256EBF13008D37F5 /* Build configuration list for PBXProject "roadtrip" */;
			compatibilityVersion = "Xcode 9.3";
			developmentRegion = en;
			hasScannedForEncodings = 0;
			knownRegions = (
				Base,
			);
			mainGroup = 29192C50256EBF13008D37F5;
			productRefGroup = 29192C5A256EBF13008D37F5 /* Products */;
			projectDirPath = "";
			projectRoot = "";
			targets = (
				292235A225B6FD1B0043258B /* TripTok */,
				2933952525B72510001E5968 /* imaginRoad */,
			);
		};
/* End PBXProject section */

/* Begin PBXResourcesBuildPhase section */
		292235B425B6FD1B0043258B /* Resources */ = {
			isa = PBXResourcesBuildPhase;
			buildActionMask = 2147483647;
			files = (
				2900FDA825B88E76000EAC1A /* Main.storyboard in Resources */,
				292235B625B6FD1B0043258B /* Assets.xcassets in Resources */,
			);
			runOnlyForDeploymentPostprocessing = 0;
		};
		2933953825B72510001E5968 /* Resources */ = {
			isa = PBXResourcesBuildPhase;
			buildActionMask = 2147483647;
			files = (
				2900FDA925B88E76000EAC1A /* Main.storyboard in Resources */,
				2933953A25B72510001E5968 /* Assets.xcassets in Resources */,
			);
			runOnlyForDeploymentPostprocessing = 0;
		};
/* End PBXResourcesBuildPhase section */

/* Begin PBXSourcesBuildPhase section */
		292235A325B6FD1B0043258B /* Sources */ = {
			isa = PBXSourcesBuildPhase;
			buildActionMask = 2147483647;
			files = (
				25625C2025B97FD700A834CC /* Registro+CoreDataProperties.swift in Sources */,
				292235A425B6FD1B0043258B /* RegistroTableViewCell.swift in Sources */,
				25625C1E25B97FD700A834CC /* Registro+CoreDataClass.swift in Sources */,
				292235A525B6FD1B0043258B /* AppDelegate.swift in Sources */,
				292235A625B6FD1B0043258B /* IniciarSesionViewController.swift in Sources */,
				292235A725B6FD1B0043258B /* RegistrarseViewController.swift in Sources */,
				25625C2225B97FD700A834CC /* Usuario+CoreDataClass.swift in Sources */,
				292235A825B6FD1B0043258B /* AtributoViewController.swift in Sources */,
				292235A925B6FD1B0043258B /* CrearUbicacionViewController.swift in Sources */,
				292235AF25B6FD1B0043258B /* RegistroTableViewController.swift in Sources */,
				292235B125B6FD1B0043258B /* RegistroViewController.swift in Sources */,
				292235BF25B7070D0043258B /* InformacionViewController.swift in Sources */,
				25625C2425B97FD700A834CC /* Usuario+CoreDataProperties.swift in Sources */,
				292235B225B6FD1B0043258B /* roadtrip.xcdatamodeld in Sources */,
				2900FDA425B87E51000EAC1A /* MainTabBarController.swift in Sources */,
				2900FDAB25B88F9A000EAC1A /* BusquedaTableViewController.swift in Sources */,
			);
			runOnlyForDeploymentPostprocessing = 0;
		};
		2933952625B72510001E5968 /* Sources */ = {
			isa = PBXSourcesBuildPhase;
			buildActionMask = 2147483647;
			files = (
				25625C2125B97FD700A834CC /* Registro+CoreDataProperties.swift in Sources */,
				2933952725B72510001E5968 /* RegistroTableViewCell.swift in Sources */,
				25625C1F25B97FD700A834CC /* Registro+CoreDataClass.swift in Sources */,
				2933952825B72510001E5968 /* AppDelegate.swift in Sources */,
				2933952925B72510001E5968 /* IniciarSesionViewController.swift in Sources */,
				2933952A25B72510001E5968 /* RegistrarseViewController.swift in Sources */,
				25625C2325B97FD700A834CC /* Usuario+CoreDataClass.swift in Sources */,
				2933952B25B72510001E5968 /* AtributoViewController.swift in Sources */,
				2933952C25B72510001E5968 /* CrearUbicacionViewController.swift in Sources */,
				2933953225B72510001E5968 /* RegistroTableViewController.swift in Sources */,
				2933953425B72510001E5968 /* RegistroViewController.swift in Sources */,
				2933953525B72510001E5968 /* InformacionViewController.swift in Sources */,
				25625C2525B97FD700A834CC /* Usuario+CoreDataProperties.swift in Sources */,
				2933953625B72510001E5968 /* roadtrip.xcdatamodeld in Sources */,
				2900FDA525B87E51000EAC1A /* MainTabBarController.swift in Sources */,
				2900FDAC25B88F9A000EAC1A /* BusquedaTableViewController.swift in Sources */,
			);
			runOnlyForDeploymentPostprocessing = 0;
		};
/* End PBXSourcesBuildPhase section */

/* Begin PBXVariantGroup section */
		2900FDA625B88E76000EAC1A /* Main.storyboard */ = {
			isa = PBXVariantGroup;
			children = (
				2900FDA725B88E76000EAC1A /* Base */,
			);
			name = Main.storyboard;
			sourceTree = "<group>";
		};
/* End PBXVariantGroup section */

/* Begin XCBuildConfiguration section */
		29192C6C256EBF14008D37F5 /* Debug */ = {
			isa = XCBuildConfiguration;
			buildSettings = {
				ALWAYS_SEARCH_USER_PATHS = NO;
				CLANG_ANALYZER_LOCALIZABILITY_NONLOCALIZED = YES;
				CLANG_ANALYZER_NONNULL = YES;
				CLANG_ANALYZER_NUMBER_OBJECT_CONVERSION = YES_AGGRESSIVE;
				CLANG_CXX_LANGUAGE_STANDARD = "gnu++14";
				CLANG_CXX_LIBRARY = "libc++";
				CLANG_ENABLE_MODULES = YES;
				CLANG_ENABLE_OBJC_ARC = YES;
				CLANG_ENABLE_OBJC_WEAK = YES;
				CLANG_WARN_BLOCK_CAPTURE_AUTORELEASING = YES;
				CLANG_WARN_BOOL_CONVERSION = YES;
				CLANG_WARN_COMMA = YES;
				CLANG_WARN_CONSTANT_CONVERSION = YES;
				CLANG_WARN_DEPRECATED_OBJC_IMPLEMENTATIONS = YES;
				CLANG_WARN_DIRECT_OBJC_ISA_USAGE = YES_ERROR;
				CLANG_WARN_DOCUMENTATION_COMMENTS = YES;
				CLANG_WARN_EMPTY_BODY = YES;
				CLANG_WARN_ENUM_CONVERSION = YES;
				CLANG_WARN_INFINITE_RECURSION = YES;
				CLANG_WARN_INT_CONVERSION = YES;
				CLANG_WARN_NON_LITERAL_NULL_CONVERSION = YES;
				CLANG_WARN_OBJC_IMPLICIT_RETAIN_SELF = YES;
				CLANG_WARN_OBJC_LITERAL_CONVERSION = YES;
				CLANG_WARN_OBJC_ROOT_CLASS = YES_ERROR;
				CLANG_WARN_RANGE_LOOP_ANALYSIS = YES;
				CLANG_WARN_STRICT_PROTOTYPES = YES;
				CLANG_WARN_SUSPICIOUS_MOVE = YES;
				CLANG_WARN_UNGUARDED_AVAILABILITY = YES_AGGRESSIVE;
				CLANG_WARN_UNREACHABLE_CODE = YES;
				CLANG_WARN__DUPLICATE_METHOD_MATCH = YES;
				CODE_SIGN_IDENTITY = "iPhone Developer";
				COPY_PHASE_STRIP = NO;
				DEBUG_INFORMATION_FORMAT = dwarf;
				ENABLE_STRICT_OBJC_MSGSEND = YES;
				ENABLE_TESTABILITY = YES;
				GCC_C_LANGUAGE_STANDARD = gnu11;
				GCC_DYNAMIC_NO_PIC = NO;
				GCC_NO_COMMON_BLOCKS = YES;
				GCC_OPTIMIZATION_LEVEL = 0;
				GCC_PREPROCESSOR_DEFINITIONS = (
					"DEBUG=1",
					"$(inherited)",
				);
				GCC_WARN_64_TO_32_BIT_CONVERSION = YES;
				GCC_WARN_ABOUT_RETURN_TYPE = YES_ERROR;
				GCC_WARN_UNDECLARED_SELECTOR = YES;
				GCC_WARN_UNINITIALIZED_AUTOS = YES_AGGRESSIVE;
				GCC_WARN_UNUSED_FUNCTION = YES;
				GCC_WARN_UNUSED_VARIABLE = YES;
				IPHONEOS_DEPLOYMENT_TARGET = 12.1;
				MTL_ENABLE_DEBUG_INFO = INCLUDE_SOURCE;
				MTL_FAST_MATH = YES;
				ONLY_ACTIVE_ARCH = YES;
				SDKROOT = iphoneos;
				SWIFT_ACTIVE_COMPILATION_CONDITIONS = DEBUG;
				SWIFT_OPTIMIZATION_LEVEL = "-Onone";
			};
			name = Debug;
		};
		29192C6D256EBF14008D37F5 /* Release */ = {
			isa = XCBuildConfiguration;
			buildSettings = {
				ALWAYS_SEARCH_USER_PATHS = NO;
				CLANG_ANALYZER_LOCALIZABILITY_NONLOCALIZED = YES;
				CLANG_ANALYZER_NONNULL = YES;
				CLANG_ANALYZER_NUMBER_OBJECT_CONVERSION = YES_AGGRESSIVE;
				CLANG_CXX_LANGUAGE_STANDARD = "gnu++14";
				CLANG_CXX_LIBRARY = "libc++";
				CLANG_ENABLE_MODULES = YES;
				CLANG_ENABLE_OBJC_ARC = YES;
				CLANG_ENABLE_OBJC_WEAK = YES;
				CLANG_WARN_BLOCK_CAPTURE_AUTORELEASING = YES;
				CLANG_WARN_BOOL_CONVERSION = YES;
				CLANG_WARN_COMMA = YES;
				CLANG_WARN_CONSTANT_CONVERSION = YES;
				CLANG_WARN_DEPRECATED_OBJC_IMPLEMENTATIONS = YES;
				CLANG_WARN_DIRECT_OBJC_ISA_USAGE = YES_ERROR;
				CLANG_WARN_DOCUMENTATION_COMMENTS = YES;
				CLANG_WARN_EMPTY_BODY = YES;
				CLANG_WARN_ENUM_CONVERSION = YES;
				CLANG_WARN_INFINITE_RECURSION = YES;
				CLANG_WARN_INT_CONVERSION = YES;
				CLANG_WARN_NON_LITERAL_NULL_CONVERSION = YES;
				CLANG_WARN_OBJC_IMPLICIT_RETAIN_SELF = YES;
				CLANG_WARN_OBJC_LITERAL_CONVERSION = YES;
				CLANG_WARN_OBJC_ROOT_CLASS = YES_ERROR;
				CLANG_WARN_RANGE_LOOP_ANALYSIS = YES;
				CLANG_WARN_STRICT_PROTOTYPES = YES;
				CLANG_WARN_SUSPICIOUS_MOVE = YES;
				CLANG_WARN_UNGUARDED_AVAILABILITY = YES_AGGRESSIVE;
				CLANG_WARN_UNREACHABLE_CODE = YES;
				CLANG_WARN__DUPLICATE_METHOD_MATCH = YES;
				CODE_SIGN_IDENTITY = "iPhone Developer";
				COPY_PHASE_STRIP = NO;
				DEBUG_INFORMATION_FORMAT = "dwarf-with-dsym";
				ENABLE_NS_ASSERTIONS = NO;
				ENABLE_STRICT_OBJC_MSGSEND = YES;
				GCC_C_LANGUAGE_STANDARD = gnu11;
				GCC_NO_COMMON_BLOCKS = YES;
				GCC_WARN_64_TO_32_BIT_CONVERSION = YES;
				GCC_WARN_ABOUT_RETURN_TYPE = YES_ERROR;
				GCC_WARN_UNDECLARED_SELECTOR = YES;
				GCC_WARN_UNINITIALIZED_AUTOS = YES_AGGRESSIVE;
				GCC_WARN_UNUSED_FUNCTION = YES;
				GCC_WARN_UNUSED_VARIABLE = YES;
				IPHONEOS_DEPLOYMENT_TARGET = 12.1;
				MTL_ENABLE_DEBUG_INFO = NO;
				MTL_FAST_MATH = YES;
				SDKROOT = iphoneos;
				SWIFT_COMPILATION_MODE = wholemodule;
				SWIFT_OPTIMIZATION_LEVEL = "-O";
				VALIDATE_PRODUCT = YES;
			};
			name = Release;
		};
		292235B925B6FD1B0043258B /* Debug */ = {
			isa = XCBuildConfiguration;
			buildSettings = {
				ASSETCATALOG_COMPILER_APPICON_NAME = "AppIcon - TripTok";
				CLANG_ENABLE_MODULES = YES;
				CODE_SIGN_STYLE = Automatic;
				INFOPLIST_FILE = "roadtrip copy-Info.plist";
				LD_RUNPATH_SEARCH_PATHS = (
					"$(inherited)",
					"@executable_path/Frameworks",
				);
				PRODUCT_BUNDLE_IDENTIFIER = grupo7.roadtrip;
				PRODUCT_NAME = "$(TARGET_NAME)";
				SWIFT_ACTIVE_COMPILATION_CONDITIONS = TripTok;
				SWIFT_OPTIMIZATION_LEVEL = "-Onone";
				SWIFT_VERSION = 4.2;
				TARGETED_DEVICE_FAMILY = "1,2";
			};
			name = Debug;
		};
		292235BA25B6FD1B0043258B /* Release */ = {
			isa = XCBuildConfiguration;
			buildSettings = {
				ASSETCATALOG_COMPILER_APPICON_NAME = "AppIcon - TripTok";
				CLANG_ENABLE_MODULES = YES;
				CODE_SIGN_STYLE = Automatic;
				INFOPLIST_FILE = "roadtrip copy-Info.plist";
				LD_RUNPATH_SEARCH_PATHS = (
					"$(inherited)",
					"@executable_path/Frameworks",
				);
				PRODUCT_BUNDLE_IDENTIFIER = grupo7.roadtrip;
				PRODUCT_NAME = "$(TARGET_NAME)";
				SWIFT_ACTIVE_COMPILATION_CONDITIONS = TripTok;
				SWIFT_VERSION = 4.2;
				TARGETED_DEVICE_FAMILY = "1,2";
			};
			name = Release;
		};
		2933953D25B72510001E5968 /* Debug */ = {
			isa = XCBuildConfiguration;
			buildSettings = {
				ASSETCATALOG_COMPILER_APPICON_NAME = "AppIcon - imaginRoad";
				CLANG_ENABLE_MODULES = YES;
				CODE_SIGN_STYLE = Automatic;
				INFOPLIST_FILE = "TripTok copy-Info.plist";
				LD_RUNPATH_SEARCH_PATHS = (
					"$(inherited)",
					"@executable_path/Frameworks",
				);
				PRODUCT_BUNDLE_IDENTIFIER = grupo7.roadtrip;
				PRODUCT_NAME = "$(TARGET_NAME)";
				SWIFT_ACTIVE_COMPILATION_CONDITIONS = imaginRoad;
				SWIFT_OPTIMIZATION_LEVEL = "-Onone";
				SWIFT_VERSION = 4.2;
				TARGETED_DEVICE_FAMILY = "1,2";
			};
			name = Debug;
		};
		2933953E25B72510001E5968 /* Release */ = {
			isa = XCBuildConfiguration;
			buildSettings = {
				ASSETCATALOG_COMPILER_APPICON_NAME = "AppIcon - imaginRoad";
				CLANG_ENABLE_MODULES = YES;
				CODE_SIGN_STYLE = Automatic;
				INFOPLIST_FILE = "TripTok copy-Info.plist";
				LD_RUNPATH_SEARCH_PATHS = (
					"$(inherited)",
					"@executable_path/Frameworks",
				);
				PRODUCT_BUNDLE_IDENTIFIER = grupo7.roadtrip;
				PRODUCT_NAME = "$(TARGET_NAME)";
				SWIFT_ACTIVE_COMPILATION_CONDITIONS = imaginRoad;
				SWIFT_VERSION = 4.2;
				TARGETED_DEVICE_FAMILY = "1,2";
			};
			name = Release;
		};
/* End XCBuildConfiguration section */

/* Begin XCConfigurationList section */
		29192C54256EBF13008D37F5 /* Build configuration list for PBXProject "roadtrip" */ = {
			isa = XCConfigurationList;
			buildConfigurations = (
				29192C6C256EBF14008D37F5 /* Debug */,
				29192C6D256EBF14008D37F5 /* Release */,
			);
			defaultConfigurationIsVisible = 0;
			defaultConfigurationName = Release;
		};
		292235B825B6FD1B0043258B /* Build configuration list for PBXNativeTarget "TripTok" */ = {
			isa = XCConfigurationList;
			buildConfigurations = (
				292235B925B6FD1B0043258B /* Debug */,
				292235BA25B6FD1B0043258B /* Release */,
			);
			defaultConfigurationIsVisible = 0;
			defaultConfigurationName = Release;
		};
		2933953C25B72510001E5968 /* Build configuration list for PBXNativeTarget "imaginRoad" */ = {
			isa = XCConfigurationList;
			buildConfigurations = (
				2933953D25B72510001E5968 /* Debug */,
				2933953E25B72510001E5968 /* Release */,
			);
			defaultConfigurationIsVisible = 0;
			defaultConfigurationName = Release;
		};
/* End XCConfigurationList section */

/* Begin XCVersionGroup section */
		29192C63256EBF13008D37F5 /* roadtrip.xcdatamodeld */ = {
			isa = XCVersionGroup;
			children = (
				29192C64256EBF13008D37F5 /* roadtrip.xcdatamodel */,
			);
			currentVersion = 29192C64256EBF13008D37F5 /* roadtrip.xcdatamodel */;
			path = roadtrip.xcdatamodeld;
			sourceTree = "<group>";
			versionGroupType = wrapper.xcdatamodel;
		};
/* End XCVersionGroup section */
	};
	rootObject = 29192C51256EBF13008D37F5 /* Project object */;
}
